// !$*UTF8*$!
{
	archiveVersion = 1;
	classes = {
	};
	objectVersion = 56;
	objects = {

/* Begin PBXBuildFile section */
		AD0FA2302A8D4FD400AC31F5 /* AppDelegate.swift in Sources */ = {isa = PBXBuildFile; fileRef = AD0FA22F2A8D4FD400AC31F5 /* AppDelegate.swift */; };
		AD0FA2362A8D4FD400AC31F5 /* GameScene.swift in Sources */ = {isa = PBXBuildFile; fileRef = AD0FA2352A8D4FD400AC31F5 /* GameScene.swift */; };
		AD0FA2382A8D4FD400AC31F5 /* GameViewController.swift in Sources */ = {isa = PBXBuildFile; fileRef = AD0FA2372A8D4FD400AC31F5 /* GameViewController.swift */; };
		AD0FA23B2A8D4FD400AC31F5 /* Main.storyboard in Resources */ = {isa = PBXBuildFile; fileRef = AD0FA2392A8D4FD400AC31F5 /* Main.storyboard */; };
		AD0FA23D2A8D4FD500AC31F5 /* Assets.xcassets in Resources */ = {isa = PBXBuildFile; fileRef = AD0FA23C2A8D4FD500AC31F5 /* Assets.xcassets */; };
		AD0FA2402A8D4FD500AC31F5 /* LaunchScreen.storyboard in Resources */ = {isa = PBXBuildFile; fileRef = AD0FA23E2A8D4FD500AC31F5 /* LaunchScreen.storyboard */; };
		AD77E9A22A8F79AC00EBB545 /* Calculations.swift in Sources */ = {isa = PBXBuildFile; fileRef = AD77E9A12A8F79AC00EBB545 /* Calculations.swift */; };
		AD77E9A52A8F79E700EBB545 /* BitMaskCategory.swift in Sources */ = {isa = PBXBuildFile; fileRef = AD77E9A42A8F79E700EBB545 /* BitMaskCategory.swift */; };
		AD77E9AA2A90A93800EBB545 /* GameOverScene.swift in Sources */ = {isa = PBXBuildFile; fileRef = AD77E9A92A90A93800EBB545 /* GameOverScene.swift */; };
		ADEC0A102A8E113500193A6E /* PlayerSprite.swift in Sources */ = {isa = PBXBuildFile; fileRef = ADEC0A0F2A8E113500193A6E /* PlayerSprite.swift */; };
		ADEC0A172A8E135500193A6E /* MonsterSprite.swift in Sources */ = {isa = PBXBuildFile; fileRef = ADEC0A162A8E135500193A6E /* MonsterSprite.swift */; };
/* End PBXBuildFile section */

/* Begin PBXFileReference section */
		AD0FA22C2A8D4FD400AC31F5 /* NinjaMaster.app */ = {isa = PBXFileReference; explicitFileType = wrapper.application; includeInIndex = 0; path = NinjaMaster.app; sourceTree = BUILT_PRODUCTS_DIR; };
		AD0FA22F2A8D4FD400AC31F5 /* AppDelegate.swift */ = {isa = PBXFileReference; lastKnownFileType = sourcecode.swift; path = AppDelegate.swift; sourceTree = "<group>"; };
		AD0FA2352A8D4FD400AC31F5 /* GameScene.swift */ = {isa = PBXFileReference; lastKnownFileType = sourcecode.swift; path = GameScene.swift; sourceTree = "<group>"; };
		AD0FA2372A8D4FD400AC31F5 /* GameViewController.swift */ = {isa = PBXFileReference; lastKnownFileType = sourcecode.swift; path = GameViewController.swift; sourceTree = "<group>"; };
		AD0FA23A2A8D4FD400AC31F5 /* Base */ = {isa = PBXFileReference; lastKnownFileType = file.storyboard; name = Base; path = Base.lproj/Main.storyboard; sourceTree = "<group>"; };
		AD0FA23C2A8D4FD500AC31F5 /* Assets.xcassets */ = {isa = PBXFileReference; lastKnownFileType = folder.assetcatalog; path = Assets.xcassets; sourceTree = "<group>"; };
		AD0FA23F2A8D4FD500AC31F5 /* Base */ = {isa = PBXFileReference; lastKnownFileType = file.storyboard; name = Base; path = Base.lproj/LaunchScreen.storyboard; sourceTree = "<group>"; };
		AD77E9A12A8F79AC00EBB545 /* Calculations.swift */ = {isa = PBXFileReference; lastKnownFileType = sourcecode.swift; path = Calculations.swift; sourceTree = "<group>"; };
		AD77E9A42A8F79E700EBB545 /* BitMaskCategory.swift */ = {isa = PBXFileReference; lastKnownFileType = sourcecode.swift; path = BitMaskCategory.swift; sourceTree = "<group>"; };
		AD77E9A62A8F87F300EBB545 /* pew-pew-lei.caf */ = {isa = PBXFileReference; lastKnownFileType = file; path = "pew-pew-lei.caf"; sourceTree = "<group>"; };
		AD77E9A72A8F87F300EBB545 /* background-music-aac.caf */ = {isa = PBXFileReference; lastKnownFileType = file; path = "background-music-aac.caf"; sourceTree = "<group>"; };
		AD77E9A92A90A93800EBB545 /* GameOverScene.swift */ = {isa = PBXFileReference; lastKnownFileType = sourcecode.swift; path = GameOverScene.swift; sourceTree = "<group>"; };
		ADEC0A0F2A8E113500193A6E /* PlayerSprite.swift */ = {isa = PBXFileReference; lastKnownFileType = sourcecode.swift; path = PlayerSprite.swift; sourceTree = "<group>"; };
		ADEC0A162A8E135500193A6E /* MonsterSprite.swift */ = {isa = PBXFileReference; lastKnownFileType = sourcecode.swift; path = MonsterSprite.swift; sourceTree = "<group>"; };
/* End PBXFileReference section */

/* Begin PBXFrameworksBuildPhase section */
		AD0FA2292A8D4FD400AC31F5 /* Frameworks */ = {
			isa = PBXFrameworksBuildPhase;
			buildActionMask = 2147483647;
			files = (
			);
			runOnlyForDeploymentPostprocessing = 0;
		};
/* End PBXFrameworksBuildPhase section */

/* Begin PBXGroup section */
		AD0FA2232A8D4FD400AC31F5 = {
			isa = PBXGroup;
			children = (
				AD0FA22E2A8D4FD400AC31F5 /* NinjaMaster */,
				AD0FA22D2A8D4FD400AC31F5 /* Products */,
			);
			sourceTree = "<group>";
		};
		AD0FA22D2A8D4FD400AC31F5 /* Products */ = {
			isa = PBXGroup;
			children = (
				AD0FA22C2A8D4FD400AC31F5 /* NinjaMaster.app */,
			);
			name = Products;
			sourceTree = "<group>";
		};
		AD0FA22E2A8D4FD400AC31F5 /* NinjaMaster */ = {
			isa = PBXGroup;
			children = (
				ADEC0A152A8E120F00193A6E /* App */,
				ADEC0A122A8E11DC00193A6E /* Scenes */,
				AD77E9A32A8F79B800EBB545 /* Services */,
				ADEC0A112A8E11D100193A6E /* Sprites */,
				ADEC0A132A8E11EC00193A6E /* ViewControllers */,
				ADEC0A142A8E11FB00193A6E /* Storyboards */,
				AD0FA23C2A8D4FD500AC31F5 /* Assets.xcassets */,
				AD77E9A82A8F87F800EBB545 /* Sounds */,
			);
			path = NinjaMaster;
			sourceTree = "<group>";
		};
		AD77E9A32A8F79B800EBB545 /* Services */ = {
			isa = PBXGroup;
			children = (
				AD77E9A12A8F79AC00EBB545 /* Calculations.swift */,
				AD77E9A42A8F79E700EBB545 /* BitMaskCategory.swift */,
			);
			path = Services;
			sourceTree = "<group>";
		};
		AD77E9A82A8F87F800EBB545 /* Sounds */ = {
			isa = PBXGroup;
			children = (
				AD77E9A72A8F87F300EBB545 /* background-music-aac.caf */,
				AD77E9A62A8F87F300EBB545 /* pew-pew-lei.caf */,
			);
			path = Sounds;
			sourceTree = "<group>";
		};
		ADEC0A112A8E11D100193A6E /* Sprites */ = {
			isa = PBXGroup;
			children = (
				ADEC0A0F2A8E113500193A6E /* PlayerSprite.swift */,
				ADEC0A162A8E135500193A6E /* MonsterSprite.swift */,
			);
			path = Sprites;
			sourceTree = "<group>";
		};
		ADEC0A122A8E11DC00193A6E /* Scenes */ = {
			isa = PBXGroup;
			children = (
				AD0FA2352A8D4FD400AC31F5 /* GameScene.swift */,
				AD77E9A92A90A93800EBB545 /* GameOverScene.swift */,
			);
			path = Scenes;
			sourceTree = "<group>";
		};
		ADEC0A132A8E11EC00193A6E /* ViewControllers */ = {
			isa = PBXGroup;
			children = (
				AD0FA2372A8D4FD400AC31F5 /* GameViewController.swift */,
			);
			path = ViewControllers;
			sourceTree = "<group>";
		};
		ADEC0A142A8E11FB00193A6E /* Storyboards */ = {
			isa = PBXGroup;
			children = (
				AD0FA2392A8D4FD400AC31F5 /* Main.storyboard */,
				AD0FA23E2A8D4FD500AC31F5 /* LaunchScreen.storyboard */,
			);
			path = Storyboards;
			sourceTree = "<group>";
		};
		ADEC0A152A8E120F00193A6E /* App */ = {
			isa = PBXGroup;
			children = (
				AD0FA22F2A8D4FD400AC31F5 /* AppDelegate.swift */,
			);
			path = App;
			sourceTree = "<group>";
		};
/* End PBXGroup section */

/* Begin PBXNativeTarget section */
		AD0FA22B2A8D4FD400AC31F5 /* NinjaMaster */ = {
			isa = PBXNativeTarget;
			buildConfigurationList = AD0FA2432A8D4FD500AC31F5 /* Build configuration list for PBXNativeTarget "NinjaMaster" */;
			buildPhases = (
				AD0FA2282A8D4FD400AC31F5 /* Sources */,
				AD0FA2292A8D4FD400AC31F5 /* Frameworks */,
				AD0FA22A2A8D4FD400AC31F5 /* Resources */,
			);
			buildRules = (
			);
			dependencies = (
			);
			name = NinjaMaster;
			productName = NinjaMaster;
			productReference = AD0FA22C2A8D4FD400AC31F5 /* NinjaMaster.app */;
			productType = "com.apple.product-type.application";
		};
/* End PBXNativeTarget section */

/* Begin PBXProject section */
		AD0FA2242A8D4FD400AC31F5 /* Project object */ = {
			isa = PBXProject;
			attributes = {
				BuildIndependentTargetsInParallel = 1;
				LastSwiftUpdateCheck = 1430;
				LastUpgradeCheck = 1430;
				TargetAttributes = {
					AD0FA22B2A8D4FD400AC31F5 = {
						CreatedOnToolsVersion = 14.3.1;
					};
				};
			};
			buildConfigurationList = AD0FA2272A8D4FD400AC31F5 /* Build configuration list for PBXProject "NinjaMaster" */;
			compatibilityVersion = "Xcode 14.0";
			developmentRegion = en;
			hasScannedForEncodings = 0;
			knownRegions = (
				en,
				Base,
			);
			mainGroup = AD0FA2232A8D4FD400AC31F5;
			productRefGroup = AD0FA22D2A8D4FD400AC31F5 /* Products */;
			projectDirPath = "";
			projectRoot = "";
			targets = (
				AD0FA22B2A8D4FD400AC31F5 /* NinjaMaster */,
			);
		};
/* End PBXProject section */

/* Begin PBXResourcesBuildPhase section */
		AD0FA22A2A8D4FD400AC31F5 /* Resources */ = {
			isa = PBXResourcesBuildPhase;
			buildActionMask = 2147483647;
			files = (
				AD0FA23B2A8D4FD400AC31F5 /* Main.storyboard in Resources */,
				AD0FA23D2A8D4FD500AC31F5 /* Assets.xcassets in Resources */,
				AD0FA2402A8D4FD500AC31F5 /* LaunchScreen.storyboard in Resources */,
			);
			runOnlyForDeploymentPostprocessing = 0;
		};
/* End PBXResourcesBuildPhase section */

/* Begin PBXSourcesBuildPhase section */
		AD0FA2282A8D4FD400AC31F5 /* Sources */ = {
			isa = PBXSourcesBuildPhase;
			buildActionMask = 2147483647;
			files = (
				AD0FA2362A8D4FD400AC31F5 /* GameScene.swift in Sources */,
				AD77E9A22A8F79AC00EBB545 /* Calculations.swift in Sources */,
				AD77E9AA2A90A93800EBB545 /* GameOverScene.swift in Sources */,
				ADEC0A172A8E135500193A6E /* MonsterSprite.swift in Sources */,
				AD77E9A52A8F79E700EBB545 /* BitMaskCategory.swift in Sources */,
				ADEC0A102A8E113500193A6E /* PlayerSprite.swift in Sources */,
				AD0FA2382A8D4FD400AC31F5 /* GameViewController.swift in Sources */,
				AD0FA2302A8D4FD400AC31F5 /* AppDelegate.swift in Sources */,
			);
			runOnlyForDeploymentPostprocessing = 0;
		};
/* End PBXSourcesBuildPhase section */

/* Begin PBXVariantGroup section */
		AD0FA2392A8D4FD400AC31F5 /* Main.storyboard */ = {
			isa = PBXVariantGroup;
			children = (
				AD0FA23A2A8D4FD400AC31F5 /* Base */,
			);
			name = Main.storyboard;
			sourceTree = "<group>";
		};
		AD0FA23E2A8D4FD500AC31F5 /* LaunchScreen.storyboard */ = {
			isa = PBXVariantGroup;
			children = (
				AD0FA23F2A8D4FD500AC31F5 /* Base */,
			);
			name = LaunchScreen.storyboard;
			sourceTree = "<group>";
		};
/* End PBXVariantGroup section */

/* Begin XCBuildConfiguration section */
		AD0FA2412A8D4FD500AC31F5 /* Debug */ = {
			isa = XCBuildConfiguration;
			buildSettings = {
				ALWAYS_SEARCH_USER_PATHS = NO;
				CLANG_ANALYZER_NONNULL = YES;
				CLANG_ANALYZER_NUMBER_OBJECT_CONVERSION = YES_AGGRESSIVE;
				CLANG_CXX_LANGUAGE_STANDARD = "gnu++20";
				CLANG_ENABLE_MODULES = YES;
				CLANG_ENABLE_OBJC_ARC = YES;
				CLANG_ENABLE_OBJC_WEAK = YES;
				CLANG_WARN_BLOCK_CAPTURE_AUTORELEASING = YES;
				CLANG_WARN_BOOL_CONVERSION = YES;
				CLANG_WARN_COMMA = YES;
				CLANG_WARN_CONSTANT_CONVERSION = YES;
				CLANG_WARN_DEPRECATED_OBJC_IMPLEMENTATIONS = YES;
				CLANG_WARN_DIRECT_OBJC_ISA_USAGE = YES_ERROR;
				CLANG_WARN_DOCUMENTATION_COMMENTS = YES;
				CLANG_WARN_EMPTY_BODY = YES;
				CLANG_WARN_ENUM_CONVERSION = YES;
				CLANG_WARN_INFINITE_RECURSION = YES;
				CLANG_WARN_INT_CONVERSION = YES;
				CLANG_WARN_NON_LITERAL_NULL_CONVERSION = YES;
				CLANG_WARN_OBJC_IMPLICIT_RETAIN_SELF = YES;
				CLANG_WARN_OBJC_LITERAL_CONVERSION = YES;
				CLANG_WARN_OBJC_ROOT_CLASS = YES_ERROR;
				CLANG_WARN_QUOTED_INCLUDE_IN_FRAMEWORK_HEADER = YES;
				CLANG_WARN_RANGE_LOOP_ANALYSIS = YES;
				CLANG_WARN_STRICT_PROTOTYPES = YES;
				CLANG_WARN_SUSPICIOUS_MOVE = YES;
				CLANG_WARN_UNGUARDED_AVAILABILITY = YES_AGGRESSIVE;
				CLANG_WARN_UNREACHABLE_CODE = YES;
				CLANG_WARN__DUPLICATE_METHOD_MATCH = YES;
				COPY_PHASE_STRIP = NO;
				DEBUG_INFORMATION_FORMAT = dwarf;
				ENABLE_STRICT_OBJC_MSGSEND = YES;
				ENABLE_TESTABILITY = YES;
				GCC_C_LANGUAGE_STANDARD = gnu11;
				GCC_DYNAMIC_NO_PIC = NO;
				GCC_NO_COMMON_BLOCKS = YES;
				GCC_OPTIMIZATION_LEVEL = 0;
				GCC_PREPROCESSOR_DEFINITIONS = (
					"DEBUG=1",
					"$(inherited)",
				);
				GCC_WARN_64_TO_32_BIT_CONVERSION = YES;
				GCC_WARN_ABOUT_RETURN_TYPE = YES_ERROR;
				GCC_WARN_UNDECLARED_SELECTOR = YES;
				GCC_WARN_UNINITIALIZED_AUTOS = YES_AGGRESSIVE;
				GCC_WARN_UNUSED_FUNCTION = YES;
				GCC_WARN_UNUSED_VARIABLE = YES;
				IPHONEOS_DEPLOYMENT_TARGET = 16.4;
				MTL_ENABLE_DEBUG_INFO = INCLUDE_SOURCE;
				MTL_FAST_MATH = YES;
				ONLY_ACTIVE_ARCH = YES;
				SDKROOT = iphoneos;
				SWIFT_ACTIVE_COMPILATION_CONDITIONS = DEBUG;
				SWIFT_OPTIMIZATION_LEVEL = "-Onone";
			};
			name = Debug;
		};
		AD0FA2422A8D4FD500AC31F5 /* Release */ = {
			isa = XCBuildConfiguration;
			buildSettings = {
				ALWAYS_SEARCH_USER_PATHS = NO;
				CLANG_ANALYZER_NONNULL = YES;
				CLANG_ANALYZER_NUMBER_OBJECT_CONVERSION = YES_AGGRESSIVE;
				CLANG_CXX_LANGUAGE_STANDARD = "gnu++20";
				CLANG_ENABLE_MODULES = YES;
				CLANG_ENABLE_OBJC_ARC = YES;
				CLANG_ENABLE_OBJC_WEAK = YES;
				CLANG_WARN_BLOCK_CAPTURE_AUTORELEASING = YES;
				CLANG_WARN_BOOL_CONVERSION = YES;
				CLANG_WARN_COMMA = YES;
				CLANG_WARN_CONSTANT_CONVERSION = YES;
				CLANG_WARN_DEPRECATED_OBJC_IMPLEMENTATIONS = YES;
				CLANG_WARN_DIRECT_OBJC_ISA_USAGE = YES_ERROR;
				CLANG_WARN_DOCUMENTATION_COMMENTS = YES;
				CLANG_WARN_EMPTY_BODY = YES;
				CLANG_WARN_ENUM_CONVERSION = YES;
				CLANG_WARN_INFINITE_RECURSION = YES;
				CLANG_WARN_INT_CONVERSION = YES;
				CLANG_WARN_NON_LITERAL_NULL_CONVERSION = YES;
				CLANG_WARN_OBJC_IMPLICIT_RETAIN_SELF = YES;
				CLANG_WARN_OBJC_LITERAL_CONVERSION = YES;
				CLANG_WARN_OBJC_ROOT_CLASS = YES_ERROR;
				CLANG_WARN_QUOTED_INCLUDE_IN_FRAMEWORK_HEADER = YES;
				CLANG_WARN_RANGE_LOOP_ANALYSIS = YES;
				CLANG_WARN_STRICT_PROTOTYPES = YES;
				CLANG_WARN_SUSPICIOUS_MOVE = YES;
				CLANG_WARN_UNGUARDED_AVAILABILITY = YES_AGGRESSIVE;
				CLANG_WARN_UNREACHABLE_CODE = YES;
				CLANG_WARN__DUPLICATE_METHOD_MATCH = YES;
				COPY_PHASE_STRIP = NO;
				DEBUG_INFORMATION_FORMAT = "dwarf-with-dsym";
				ENABLE_NS_ASSERTIONS = NO;
				ENABLE_STRICT_OBJC_MSGSEND = YES;
				GCC_C_LANGUAGE_STANDARD = gnu11;
				GCC_NO_COMMON_BLOCKS = YES;
				GCC_WARN_64_TO_32_BIT_CONVERSION = YES;
				GCC_WARN_ABOUT_RETURN_TYPE = YES_ERROR;
				GCC_WARN_UNDECLARED_SELECTOR = YES;
				GCC_WARN_UNINITIALIZED_AUTOS = YES_AGGRESSIVE;
				GCC_WARN_UNUSED_FUNCTION = YES;
				GCC_WARN_UNUSED_VARIABLE = YES;
				IPHONEOS_DEPLOYMENT_TARGET = 16.4;
				MTL_ENABLE_DEBUG_INFO = NO;
				MTL_FAST_MATH = YES;
				SDKROOT = iphoneos;
				SWIFT_COMPILATION_MODE = wholemodule;
				SWIFT_OPTIMIZATION_LEVEL = "-O";
				VALIDATE_PRODUCT = YES;
			};
			name = Release;
		};
		AD0FA2442A8D4FD500AC31F5 /* Debug */ = {
			isa = XCBuildConfiguration;
			buildSettings = {
				ASSETCATALOG_COMPILER_APPICON_NAME = AppIcon;
				ASSETCATALOG_COMPILER_GLOBAL_ACCENT_COLOR_NAME = AccentColor;
				CODE_SIGN_STYLE = Automatic;
				CURRENT_PROJECT_VERSION = 1;
				DEVELOPMENT_TEAM = CKY7SLNY4G;
				GENERATE_INFOPLIST_FILE = YES;
				INFOPLIST_KEY_UIApplicationSupportsIndirectInputEvents = YES;
				INFOPLIST_KEY_UILaunchStoryboardName = LaunchScreen;
				INFOPLIST_KEY_UIMainStoryboardFile = Main;
				INFOPLIST_KEY_UIStatusBarHidden = YES;
				INFOPLIST_KEY_UISupportedInterfaceOrientations = "UIInterfaceOrientationLandscapeLeft UIInterfaceOrientationLandscapeRight";
				INFOPLIST_KEY_UISupportedInterfaceOrientations_iPad = "UIInterfaceOrientationLandscapeLeft UIInterfaceOrientationLandscapeRight UIInterfaceOrientationPortrait UIInterfaceOrientationPortraitUpsideDown";
				LD_RUNPATH_SEARCH_PATHS = (
					"$(inherited)",
					"@executable_path/Frameworks",
				);
				MARKETING_VERSION = 1.0;
				PRODUCT_BUNDLE_IDENTIFIER = lantsov.NinjaMaster;
				PRODUCT_NAME = "$(TARGET_NAME)";
				SUPPORTED_PLATFORMS = "iphoneos iphonesimulator";
				SUPPORTS_MACCATALYST = NO;
				SUPPORTS_MAC_DESIGNED_FOR_IPHONE_IPAD = NO;
				SWIFT_EMIT_LOC_STRINGS = YES;
				SWIFT_VERSION = 5.0;
				TARGETED_DEVICE_FAMILY = "1,2";
			};
			name = Debug;
		};
		AD0FA2452A8D4FD500AC31F5 /* Release */ = {
			isa = XCBuildConfiguration;
			buildSettings = {
				ASSETCATALOG_COMPILER_APPICON_NAME = AppIcon;
				ASSETCATALOG_COMPILER_GLOBAL_ACCENT_COLOR_NAME = AccentColor;
				CODE_SIGN_STYLE = Automatic;
				CURRENT_PROJECT_VERSION = 1;
				DEVELOPMENT_TEAM = CKY7SLNY4G;
				GENERATE_INFOPLIST_FILE = YES;
				INFOPLIST_KEY_UIApplicationSupportsIndirectInputEvents = YES;
				INFOPLIST_KEY_UILaunchStoryboardName = LaunchScreen;
				INFOPLIST_KEY_UIMainStoryboardFile = Main;
				INFOPLIST_KEY_UIStatusBarHidden = YES;
				INFOPLIST_KEY_UISupportedInterfaceOrientations = "UIInterfaceOrientationLandscapeLeft UIInterfaceOrientationLandscapeRight";
				INFOPLIST_KEY_UISupportedInterfaceOrientations_iPad = "UIInterfaceOrientationLandscapeLeft UIInterfaceOrientationLandscapeRight UIInterfaceOrientationPortrait UIInterfaceOrientationPortraitUpsideDown";
				LD_RUNPATH_SEARCH_PATHS = (
					"$(inherited)",
					"@executable_path/Frameworks",
				);
				MARKETING_VERSION = 1.0;
				PRODUCT_BUNDLE_IDENTIFIER = lantsov.NinjaMaster;
				PRODUCT_NAME = "$(TARGET_NAME)";
				SUPPORTED_PLATFORMS = "iphoneos iphonesimulator";
				SUPPORTS_MACCATALYST = NO;
				SUPPORTS_MAC_DESIGNED_FOR_IPHONE_IPAD = NO;
				SWIFT_EMIT_LOC_STRINGS = YES;
				SWIFT_VERSION = 5.0;
				TARGETED_DEVICE_FAMILY = "1,2";
			};
			name = Release;
		};
/* End XCBuildConfiguration section */

/* Begin XCConfigurationList section */
		AD0FA2272A8D4FD400AC31F5 /* Build configuration list for PBXProject "NinjaMaster" */ = {
			isa = XCConfigurationList;
			buildConfigurations = (
				AD0FA2412A8D4FD500AC31F5 /* Debug */,
				AD0FA2422A8D4FD500AC31F5 /* Release */,
			);
			defaultConfigurationIsVisible = 0;
			defaultConfigurationName = Release;
		};
		AD0FA2432A8D4FD500AC31F5 /* Build configuration list for PBXNativeTarget "NinjaMaster" */ = {
			isa = XCConfigurationList;
			buildConfigurations = (
				AD0FA2442A8D4FD500AC31F5 /* Debug */,
				AD0FA2452A8D4FD500AC31F5 /* Release */,
			);
			defaultConfigurationIsVisible = 0;
			defaultConfigurationName = Release;
		};
/* End XCConfigurationList section */
	};
	rootObject = AD0FA2242A8D4FD400AC31F5 /* Project object */;
}
